// !$*UTF8*$!
{
	archiveVersion = 1;
	classes = {
	};
	objectVersion = 55;
	objects = {

/* Begin PBXBuildFile section */
		65460DA229E67B4400790408 /* AppDelegate.swift in Sources */ = {isa = PBXBuildFile; fileRef = 65460DA129E67B4400790408 /* AppDelegate.swift */; };
		65460DA429E67B4400790408 /* SceneDelegate.swift in Sources */ = {isa = PBXBuildFile; fileRef = 65460DA329E67B4400790408 /* SceneDelegate.swift */; };
		65460DA629E67B4400790408 /* ViewController.swift in Sources */ = {isa = PBXBuildFile; fileRef = 65460DA529E67B4400790408 /* ViewController.swift */; };
		65460DA929E67B4400790408 /* Main.storyboard in Resources */ = {isa = PBXBuildFile; fileRef = 65460DA729E67B4400790408 /* Main.storyboard */; };
		65460DAB29E67B4500790408 /* Assets.xcassets in Resources */ = {isa = PBXBuildFile; fileRef = 65460DAA29E67B4500790408 /* Assets.xcassets */; };
		65460DAE29E67B4500790408 /* LaunchScreen.storyboard in Resources */ = {isa = PBXBuildFile; fileRef = 65460DAC29E67B4500790408 /* LaunchScreen.storyboard */; };
		65460DB629E67BA700790408 /* SQLite.swift in Sources */ = {isa = PBXBuildFile; fileRef = 65460DB529E67BA700790408 /* SQLite.swift */; };
		65460DB829E68A8600790408 /* ViewController2.swift in Sources */ = {isa = PBXBuildFile; fileRef = 65460DB729E68A8600790408 /* ViewController2.swift */; };
		65460DBA29E68B6E00790408 /* MyTableViewCell.swift in Sources */ = {isa = PBXBuildFile; fileRef = 65460DB929E68B6E00790408 /* MyTableViewCell.swift */; };
/* End PBXBuildFile section */

/* Begin PBXFileReference section */
		65460D9E29E67B4400790408 /* Exam Local Data Base.app */ = {isa = PBXFileReference; explicitFileType = wrapper.application; includeInIndex = 0; path = "Exam Local Data Base.app"; sourceTree = BUILT_PRODUCTS_DIR; };
		65460DA129E67B4400790408 /* AppDelegate.swift */ = {isa = PBXFileReference; lastKnownFileType = sourcecode.swift; path = AppDelegate.swift; sourceTree = "<group>"; };
		65460DA329E67B4400790408 /* SceneDelegate.swift */ = {isa = PBXFileReference; lastKnownFileType = sourcecode.swift; path = SceneDelegate.swift; sourceTree = "<group>"; };
		65460DA529E67B4400790408 /* ViewController.swift */ = {isa = PBXFileReference; lastKnownFileType = sourcecode.swift; path = ViewController.swift; sourceTree = "<group>"; };
		65460DA829E67B4400790408 /* Base */ = {isa = PBXFileReference; lastKnownFileType = file.storyboard; name = Base; path = Base.lproj/Main.storyboard; sourceTree = "<group>"; };
		65460DAA29E67B4500790408 /* Assets.xcassets */ = {isa = PBXFileReference; lastKnownFileType = folder.assetcatalog; path = Assets.xcassets; sourceTree = "<group>"; };
		65460DAD29E67B4500790408 /* Base */ = {isa = PBXFileReference; lastKnownFileType = file.storyboard; name = Base; path = Base.lproj/LaunchScreen.storyboard; sourceTree = "<group>"; };
		65460DAF29E67B4500790408 /* Info.plist */ = {isa = PBXFileReference; lastKnownFileType = text.plist.xml; path = Info.plist; sourceTree = "<group>"; };
		65460DB529E67BA700790408 /* SQLite.swift */ = {isa = PBXFileReference; lastKnownFileType = sourcecode.swift; path = SQLite.swift; sourceTree = "<group>"; };
		65460DB729E68A8600790408 /* ViewController2.swift */ = {isa = PBXFileReference; lastKnownFileType = sourcecode.swift; path = ViewController2.swift; sourceTree = "<group>"; };
		65460DB929E68B6E00790408 /* MyTableViewCell.swift */ = {isa = PBXFileReference; lastKnownFileType = sourcecode.swift; path = MyTableViewCell.swift; sourceTree = "<group>"; };
/* End PBXFileReference section */

/* Begin PBXFrameworksBuildPhase section */
		65460D9B29E67B4400790408 /* Frameworks */ = {
			isa = PBXFrameworksBuildPhase;
			buildActionMask = 2147483647;
			files = (
			);
			runOnlyForDeploymentPostprocessing = 0;
		};
/* End PBXFrameworksBuildPhase section */

/* Begin PBXGroup section */
		65460D9529E67B4400790408 = {
			isa = PBXGroup;
			children = (
				65460DA029E67B4400790408 /* Exam Local Data Base */,
				65460D9F29E67B4400790408 /* Products */,
			);
			sourceTree = "<group>";
		};
		65460D9F29E67B4400790408 /* Products */ = {
			isa = PBXGroup;
			children = (
				65460D9E29E67B4400790408 /* Exam Local Data Base.app */,
			);
			name = Products;
			sourceTree = "<group>";
		};
		65460DA029E67B4400790408 /* Exam Local Data Base */ = {
			isa = PBXGroup;
			children = (
				65460DA129E67B4400790408 /* AppDelegate.swift */,
				65460DA329E67B4400790408 /* SceneDelegate.swift */,
				65460DA529E67B4400790408 /* ViewController.swift */,
				65460DA729E67B4400790408 /* Main.storyboard */,
				65460DB929E68B6E00790408 /* MyTableViewCell.swift */,
				65460DB729E68A8600790408 /* ViewController2.swift */,
				65460DB529E67BA700790408 /* SQLite.swift */,
				65460DAA29E67B4500790408 /* Assets.xcassets */,
				65460DAC29E67B4500790408 /* LaunchScreen.storyboard */,
				65460DAF29E67B4500790408 /* Info.plist */,
			);
			path = "Exam Local Data Base";
			sourceTree = "<group>";
		};
/* End PBXGroup section */

/* Begin PBXNativeTarget section */
		65460D9D29E67B4400790408 /* Exam Local Data Base */ = {
			isa = PBXNativeTarget;
			buildConfigurationList = 65460DB229E67B4500790408 /* Build configuration list for PBXNativeTarget "Exam Local Data Base" */;
			buildPhases = (
				65460D9A29E67B4400790408 /* Sources */,
				65460D9B29E67B4400790408 /* Frameworks */,
				65460D9C29E67B4400790408 /* Resources */,
			);
			buildRules = (
			);
			dependencies = (
			);
			name = "Exam Local Data Base";
			productName = "Exam Local Data Base";
			productReference = 65460D9E29E67B4400790408 /* Exam Local Data Base.app */;
			productType = "com.apple.product-type.application";
		};
/* End PBXNativeTarget section */

/* Begin PBXProject section */
		65460D9629E67B4400790408 /* Project object */ = {
			isa = PBXProject;
			attributes = {
				BuildIndependentTargetsInParallel = 1;
				LastSwiftUpdateCheck = 1420;
				LastUpgradeCheck = 1420;
				TargetAttributes = {
					65460D9D29E67B4400790408 = {
						CreatedOnToolsVersion = 14.2;
					};
				};
			};
			buildConfigurationList = 65460D9929E67B4400790408 /* Build configuration list for PBXProject "Exam Local Data Base" */;
			compatibilityVersion = "Xcode 13.0";
			developmentRegion = en;
			hasScannedForEncodings = 0;
			knownRegions = (
				en,
				Base,
			);
			mainGroup = 65460D9529E67B4400790408;
			productRefGroup = 65460D9F29E67B4400790408 /* Products */;
			projectDirPath = "";
			projectRoot = "";
			targets = (
				65460D9D29E67B4400790408 /* Exam Local Data Base */,
			);
		};
/* End PBXProject section */

/* Begin PBXResourcesBuildPhase section */
		65460D9C29E67B4400790408 /* Resources */ = {
			isa = PBXResourcesBuildPhase;
			buildActionMask = 2147483647;
			files = (
				65460DAE29E67B4500790408 /* LaunchScreen.storyboard in Resources */,
				65460DAB29E67B4500790408 /* Assets.xcassets in Resources */,
				65460DA929E67B4400790408 /* Main.storyboard in Resources */,
			);
			runOnlyForDeploymentPostprocessing = 0;
		};
/* End PBXResourcesBuildPhase section */

/* Begin PBXSourcesBuildPhase section */
		65460D9A29E67B4400790408 /* Sources */ = {
			isa = PBXSourcesBuildPhase;
			buildActionMask = 2147483647;
			files = (
				65460DB829E68A8600790408 /* ViewController2.swift in Sources */,
				65460DA629E67B4400790408 /* ViewController.swift in Sources */,
				65460DB629E67BA700790408 /* SQLite.swift in Sources */,
				65460DA229E67B4400790408 /* AppDelegate.swift in Sources */,
				65460DA429E67B4400790408 /* SceneDelegate.swift in Sources */,
				65460DBA29E68B6E00790408 /* MyTableViewCell.swift in Sources */,
			);
			runOnlyForDeploymentPostprocessing = 0;
		};
/* End PBXSourcesBuildPhase section */

/* Begin PBXVariantGroup section */
		65460DA729E67B4400790408 /* Main.storyboard */ = {
			isa = PBXVariantGroup;
			children = (
				65460DA829E67B4400790408 /* Base */,
			);
			name = Main.storyboard;
			sourceTree = "<group>";
		};
		65460DAC29E67B4500790408 /* LaunchScreen.storyboard */ = {
			isa = PBXVariantGroup;
			children = (
				65460DAD29E67B4500790408 /* Base */,
			);
			name = LaunchScreen.storyboard;
			sourceTree = "<group>";
		};
/* End PBXVariantGroup section */

/* Begin XCBuildConfiguration section */
		65460DB029E67B4500790408 /* Debug */ = {
			isa = XCBuildConfiguration;
			buildSettings = {
				ALWAYS_SEARCH_USER_PATHS = NO;
				CLANG_ANALYZER_NONNULL = YES;
				CLANG_ANALYZER_NUMBER_OBJECT_CONVERSION = YES_AGGRESSIVE;
				CLANG_CXX_LANGUAGE_STANDARD = "gnu++20";
				CLANG_ENABLE_MODULES = YES;
				CLANG_ENABLE_OBJC_ARC = YES;
				CLANG_ENABLE_OBJC_WEAK = YES;
				CLANG_WARN_BLOCK_CAPTURE_AUTORELEASING = YES;
				CLANG_WARN_BOOL_CONVERSION = YES;
				CLANG_WARN_COMMA = YES;
				CLANG_WARN_CONSTANT_CONVERSION = YES;
				CLANG_WARN_DEPRECATED_OBJC_IMPLEMENTATIONS = YES;
				CLANG_WARN_DIRECT_OBJC_ISA_USAGE = YES_ERROR;
				CLANG_WARN_DOCUMENTATION_COMMENTS = YES;
				CLANG_WARN_EMPTY_BODY = YES;
				CLANG_WARN_ENUM_CONVERSION = YES;
				CLANG_WARN_INFINITE_RECURSION = YES;
				CLANG_WARN_INT_CONVERSION = YES;
				CLANG_WARN_NON_LITERAL_NULL_CONVERSION = YES;
				CLANG_WARN_OBJC_IMPLICIT_RETAIN_SELF = YES;
				CLANG_WARN_OBJC_LITERAL_CONVERSION = YES;
				CLANG_WARN_OBJC_ROOT_CLASS = YES_ERROR;
				CLANG_WARN_QUOTED_INCLUDE_IN_FRAMEWORK_HEADER = YES;
				CLANG_WARN_RANGE_LOOP_ANALYSIS = YES;
				CLANG_WARN_STRICT_PROTOTYPES = YES;
				CLANG_WARN_SUSPICIOUS_MOVE = YES;
				CLANG_WARN_UNGUARDED_AVAILABILITY = YES_AGGRESSIVE;
				CLANG_WARN_UNREACHABLE_CODE = YES;
				CLANG_WARN__DUPLICATE_METHOD_MATCH = YES;
				COPY_PHASE_STRIP = NO;
				DEBUG_INFORMATION_FORMAT = dwarf;
				ENABLE_STRICT_OBJC_MSGSEND = YES;
				ENABLE_TESTABILITY = YES;
				GCC_C_LANGUAGE_STANDARD = gnu11;
				GCC_DYNAMIC_NO_PIC = NO;
				GCC_NO_COMMON_BLOCKS = YES;
				GCC_OPTIMIZATION_LEVEL = 0;
				GCC_PREPROCESSOR_DEFINITIONS = (
					"DEBUG=1",
					"$(inherited)",
				);
				GCC_WARN_64_TO_32_BIT_CONVERSION = YES;
				GCC_WARN_ABOUT_RETURN_TYPE = YES_ERROR;
				GCC_WARN_UNDECLARED_SELECTOR = YES;
				GCC_WARN_UNINITIALIZED_AUTOS = YES_AGGRESSIVE;
				GCC_WARN_UNUSED_FUNCTION = YES;
				GCC_WARN_UNUSED_VARIABLE = YES;
				IPHONEOS_DEPLOYMENT_TARGET = 16.2;
				MTL_ENABLE_DEBUG_INFO = INCLUDE_SOURCE;
				MTL_FAST_MATH = YES;
				ONLY_ACTIVE_ARCH = YES;
				SDKROOT = iphoneos;
				SWIFT_ACTIVE_COMPILATION_CONDITIONS = DEBUG;
				SWIFT_OPTIMIZATION_LEVEL = "-Onone";
			};
			name = Debug;
		};
		65460DB129E67B4500790408 /* Release */ = {
			isa = XCBuildConfiguration;
			buildSettings = {
				ALWAYS_SEARCH_USER_PATHS = NO;
				CLANG_ANALYZER_NONNULL = YES;
				CLANG_ANALYZER_NUMBER_OBJECT_CONVERSION = YES_AGGRESSIVE;
				CLANG_CXX_LANGUAGE_STANDARD = "gnu++20";
				CLANG_ENABLE_MODULES = YES;
				CLANG_ENABLE_OBJC_ARC = YES;
				CLANG_ENABLE_OBJC_WEAK = YES;
				CLANG_WARN_BLOCK_CAPTURE_AUTORELEASING = YES;
				CLANG_WARN_BOOL_CONVERSION = YES;
				CLANG_WARN_COMMA = YES;
				CLANG_WARN_CONSTANT_CONVERSION = YES;
				CLANG_WARN_DEPRECATED_OBJC_IMPLEMENTATIONS = YES;
				CLANG_WARN_DIRECT_OBJC_ISA_USAGE = YES_ERROR;
				CLANG_WARN_DOCUMENTATION_COMMENTS = YES;
				CLANG_WARN_EMPTY_BODY = YES;
				CLANG_WARN_ENUM_CONVERSION = YES;
				CLANG_WARN_INFINITE_RECURSION = YES;
				CLANG_WARN_INT_CONVERSION = YES;
				CLANG_WARN_NON_LITERAL_NULL_CONVERSION = YES;
				CLANG_WARN_OBJC_IMPLICIT_RETAIN_SELF = YES;
				CLANG_WARN_OBJC_LITERAL_CONVERSION = YES;
				CLANG_WARN_OBJC_ROOT_CLASS = YES_ERROR;
				CLANG_WARN_QUOTED_INCLUDE_IN_FRAMEWORK_HEADER = YES;
				CLANG_WARN_RANGE_LOOP_ANALYSIS = YES;
				CLANG_WARN_STRICT_PROTOTYPES = YES;
				CLANG_WARN_SUSPICIOUS_MOVE = YES;
				CLANG_WARN_UNGUARDED_AVAILABILITY = YES_AGGRESSIVE;
				CLANG_WARN_UNREACHABLE_CODE = YES;
				CLANG_WARN__DUPLICATE_METHOD_MATCH = YES;
				COPY_PHASE_STRIP = NO;
				DEBUG_INFORMATION_FORMAT = "dwarf-with-dsym";
				ENABLE_NS_ASSERTIONS = NO;
				ENABLE_STRICT_OBJC_MSGSEND = YES;
				GCC_C_LANGUAGE_STANDARD = gnu11;
				GCC_NO_COMMON_BLOCKS = YES;
				GCC_WARN_64_TO_32_BIT_CONVERSION = YES;
				GCC_WARN_ABOUT_RETURN_TYPE = YES_ERROR;
				GCC_WARN_UNDECLARED_SELECTOR = YES;
				GCC_WARN_UNINITIALIZED_AUTOS = YES_AGGRESSIVE;
				GCC_WARN_UNUSED_FUNCTION = YES;
				GCC_WARN_UNUSED_VARIABLE = YES;
				IPHONEOS_DEPLOYMENT_TARGET = 16.2;
				MTL_ENABLE_DEBUG_INFO = NO;
				MTL_FAST_MATH = YES;
				SDKROOT = iphoneos;
				SWIFT_COMPILATION_MODE = wholemodule;
				SWIFT_OPTIMIZATION_LEVEL = "-O";
				VALIDATE_PRODUCT = YES;
			};
			name = Release;
		};
		65460DB329E67B4500790408 /* Debug */ = {
			isa = XCBuildConfiguration;
			buildSettings = {
				ASSETCATALOG_COMPILER_APPICON_NAME = AppIcon;
				ASSETCATALOG_COMPILER_GLOBAL_ACCENT_COLOR_NAME = AccentColor;
				CODE_SIGN_STYLE = Automatic;
				CURRENT_PROJECT_VERSION = 1;
				DEVELOPMENT_TEAM = 695TV68FU3;
				GENERATE_INFOPLIST_FILE = YES;
				INFOPLIST_FILE = "Exam Local Data Base/Info.plist";
				INFOPLIST_KEY_UIApplicationSupportsIndirectInputEvents = YES;
				INFOPLIST_KEY_UILaunchStoryboardName = LaunchScreen;
				INFOPLIST_KEY_UIMainStoryboardFile = Main;
				INFOPLIST_KEY_UISupportedInterfaceOrientations_iPad = "UIInterfaceOrientationPortrait UIInterfaceOrientationPortraitUpsideDown UIInterfaceOrientationLandscapeLeft UIInterfaceOrientationLandscapeRight";
				INFOPLIST_KEY_UISupportedInterfaceOrientations_iPhone = "UIInterfaceOrientationPortrait UIInterfaceOrientationLandscapeLeft UIInterfaceOrientationLandscapeRight";
				LD_RUNPATH_SEARCH_PATHS = (
					"$(inherited)",
					"@executable_path/Frameworks",
				);
				MARKETING_VERSION = 1.0;
				PRODUCT_BUNDLE_IDENTIFIER = "rnw.Exam-Local-Data-Base";
				PRODUCT_NAME = "$(TARGET_NAME)";
				SWIFT_EMIT_LOC_STRINGS = YES;
				SWIFT_VERSION = 5.0;
				TARGETED_DEVICE_FAMILY = "1,2";
			};
			name = Debug;
		};
		65460DB429E67B4500790408 /* Release */ = {
			isa = XCBuildConfiguration;
			buildSettings = {
				ASSETCATALOG_COMPILER_APPICON_NAME = AppIcon;
				ASSETCATALOG_COMPILER_GLOBAL_ACCENT_COLOR_NAME = AccentColor;
				CODE_SIGN_STYLE = Automatic;
				CURRENT_PROJECT_VERSION = 1;
				DEVELOPMENT_TEAM = 695TV68FU3;
				GENERATE_INFOPLIST_FILE = YES;
				INFOPLIST_FILE = "Exam Local Data Base/Info.plist";
				INFOPLIST_KEY_UIApplicationSupportsIndirectInputEvents = YES;
				INFOPLIST_KEY_UILaunchStoryboardName = LaunchScreen;
				INFOPLIST_KEY_UIMainStoryboardFile = Main;
				INFOPLIST_KEY_UISupportedInterfaceOrientations_iPad = "UIInterfaceOrientationPortrait UIInterfaceOrientationPortraitUpsideDown UIInterfaceOrientationLandscapeLeft UIInterfaceOrientationLandscapeRight";
				INFOPLIST_KEY_UISupportedInterfaceOrientations_iPhone = "UIInterfaceOrientationPortrait UIInterfaceOrientationLandscapeLeft UIInterfaceOrientationLandscapeRight";
				LD_RUNPATH_SEARCH_PATHS = (
					"$(inherited)",
					"@executable_path/Frameworks",
				);
				MARKETING_VERSION = 1.0;
				PRODUCT_BUNDLE_IDENTIFIER = "rnw.Exam-Local-Data-Base";
				PRODUCT_NAME = "$(TARGET_NAME)";
				SWIFT_EMIT_LOC_STRINGS = YES;
				SWIFT_VERSION = 5.0;
				TARGETED_DEVICE_FAMILY = "1,2";
			};
			name = Release;
		};
/* End XCBuildConfiguration section */

/* Begin XCConfigurationList section */
		65460D9929E67B4400790408 /* Build configuration list for PBXProject "Exam Local Data Base" */ = {
			isa = XCConfigurationList;
			buildConfigurations = (
				65460DB029E67B4500790408 /* Debug */,
				65460DB129E67B4500790408 /* Release */,
			);
			defaultConfigurationIsVisible = 0;
			defaultConfigurationName = Release;
		};
		65460DB229E67B4500790408 /* Build configuration list for PBXNativeTarget "Exam Local Data Base" */ = {
			isa = XCConfigurationList;
			buildConfigurations = (
				65460DB329E67B4500790408 /* Debug */,
				65460DB429E67B4500790408 /* Release */,
			);
			defaultConfigurationIsVisible = 0;
			defaultConfigurationName = Release;
		};
/* End XCConfigurationList section */
	};
	rootObject = 65460D9629E67B4400790408 /* Project object */;
}
